
Microsoft Visual Studio Solution File, Format Version 12.00
Project("{FAE04EC0-301F-11D3-BF4B-00C04F79EFBC}") = "Playground.App", "Playground.App\Playground.App.csproj", "{D53552D3-4508-4BBD-BDD4-2B59287C5599}"
EndProject
Project("{FAE04EC0-301F-11D3-BF4B-00C04F79EFBC}") = "Playground.Domain", "Playground.Domain\Playground.Domain.csproj", "{CAF55558-2E20-48C3-A5EF-20A0D5AFFA58}"
EndProject
Project("{FAE04EC0-301F-11D3-BF4B-00C04F79EFBC}") = "Playground.Data", "Playground.Data\Playground.Data.csproj", "{024DD814-43AE-4FF8-8C23-1CF0758EE515}"
EndProject
Project("{FAE04EC0-301F-11D3-BF4B-00C04F79EFBC}") = "Playground.API", "Playground.API\Playground.API.csproj", "{22B6C05B-6FB1-419E-8A64-70FFD3F39734}"
EndProject
Project("{FAE04EC0-301F-11D3-BF4B-00C04F79EFBC}") = "Playground.Application", "Playground.Application\Playground.Application.csproj", "{0DF1DDE8-8A8E-47F6-9066-686D27C11DFC}"
EndProject
Project("{FAE04EC0-301F-11D3-BF4B-00C04F79EFBC}") = "Playground.BlazorServerApp", "Playground.BlazorServerApp\Playground.BlazorServerApp.csproj", "{38C75FF8-2D97-4272-8CFB-1753E4BAF827}"
EndProject
Project("{FAE04EC0-301F-11D3-BF4B-00C04F79EFBC}") = "Playground.API.Client", "Playground.API.Client\Playground.API.Client.csproj", "{9ED0C19E-5904-4A69-909F-36DC7482B723}"
EndProject
Project("{2150E333-8FDC-42A3-9474-1A3956D46DE8}") = "Documentation", "Documentation", "{A1406FCB-4B1B-412C-98AD-16DA93E7989A}"
ProjectSection(SolutionItems) = preProject
	README.md = README.md
EndProjectSection
EndProject
Project("{2150E333-8FDC-42A3-9474-1A3956D46DE8}") = "openapi-generator", "openapi-generator", "{E43B5633-E1F1-4F71-A460-E80203FFE7FB}"
ProjectSection(SolutionItems) = preProject
	openapi-generator\Generate-Api-Client.ps1 = openapi-generator\Generate-Api-Client.ps1
	openapi-generator\Generate-Client.ps1 = openapi-generator\Generate-Client.ps1
EndProjectSection
EndProject
Global
	GlobalSection(SolutionConfigurationPlatforms) = preSolution
		Debug|Any CPU = Debug|Any CPU
		Release|Any CPU = Release|Any CPU
	EndGlobalSection
	GlobalSection(ProjectConfigurationPlatforms) = postSolution
		{D53552D3-4508-4BBD-BDD4-2B59287C5599}.Debug|Any CPU.ActiveCfg = Debug|Any CPU
		{D53552D3-4508-4BBD-BDD4-2B59287C5599}.Debug|Any CPU.Build.0 = Debug|Any CPU
		{D53552D3-4508-4BBD-BDD4-2B59287C5599}.Release|Any CPU.ActiveCfg = Release|Any CPU
		{D53552D3-4508-4BBD-BDD4-2B59287C5599}.Release|Any CPU.Build.0 = Release|Any CPU
		{CAF55558-2E20-48C3-A5EF-20A0D5AFFA58}.Debug|Any CPU.ActiveCfg = Debug|Any CPU
		{CAF55558-2E20-48C3-A5EF-20A0D5AFFA58}.Debug|Any CPU.Build.0 = Debug|Any CPU
		{CAF55558-2E20-48C3-A5EF-20A0D5AFFA58}.Release|Any CPU.ActiveCfg = Release|Any CPU
		{CAF55558-2E20-48C3-A5EF-20A0D5AFFA58}.Release|Any CPU.Build.0 = Release|Any CPU
		{024DD814-43AE-4FF8-8C23-1CF0758EE515}.Debug|Any CPU.ActiveCfg = Debug|Any CPU
		{024DD814-43AE-4FF8-8C23-1CF0758EE515}.Debug|Any CPU.Build.0 = Debug|Any CPU
		{024DD814-43AE-4FF8-8C23-1CF0758EE515}.Release|Any CPU.ActiveCfg = Release|Any CPU
		{024DD814-43AE-4FF8-8C23-1CF0758EE515}.Release|Any CPU.Build.0 = Release|Any CPU
		{22B6C05B-6FB1-419E-8A64-70FFD3F39734}.Debug|Any CPU.ActiveCfg = Debug|Any CPU
		{22B6C05B-6FB1-419E-8A64-70FFD3F39734}.Debug|Any CPU.Build.0 = Debug|Any CPU
		{22B6C05B-6FB1-419E-8A64-70FFD3F39734}.Release|Any CPU.ActiveCfg = Release|Any CPU
		{22B6C05B-6FB1-419E-8A64-70FFD3F39734}.Release|Any CPU.Build.0 = Release|Any CPU
		{0DF1DDE8-8A8E-47F6-9066-686D27C11DFC}.Debug|Any CPU.ActiveCfg = Debug|Any CPU
		{0DF1DDE8-8A8E-47F6-9066-686D27C11DFC}.Debug|Any CPU.Build.0 = Debug|Any CPU
		{0DF1DDE8-8A8E-47F6-9066-686D27C11DFC}.Release|Any CPU.ActiveCfg = Release|Any CPU
		{0DF1DDE8-8A8E-47F6-9066-686D27C11DFC}.Release|Any CPU.Build.0 = Release|Any CPU
		{38C75FF8-2D97-4272-8CFB-1753E4BAF827}.Debug|Any CPU.ActiveCfg = Debug|Any CPU
		{38C75FF8-2D97-4272-8CFB-1753E4BAF827}.Debug|Any CPU.Build.0 = Debug|Any CPU
		{38C75FF8-2D97-4272-8CFB-1753E4BAF827}.Release|Any CPU.ActiveCfg = Release|Any CPU
		{38C75FF8-2D97-4272-8CFB-1753E4BAF827}.Release|Any CPU.Build.0 = Release|Any CPU
		{9ED0C19E-5904-4A69-909F-36DC7482B723}.Debug|Any CPU.ActiveCfg = Debug|Any CPU
		{9ED0C19E-5904-4A69-909F-36DC7482B723}.Debug|Any CPU.Build.0 = Debug|Any CPU
		{9ED0C19E-5904-4A69-909F-36DC7482B723}.Release|Any CPU.ActiveCfg = Release|Any CPU
		{9ED0C19E-5904-4A69-909F-36DC7482B723}.Release|Any CPU.Build.0 = Release|Any CPU
	EndGlobalSection
	GlobalSection(NestedProjects) = preSolution
		{E43B5633-E1F1-4F71-A460-E80203FFE7FB} = {A1406FCB-4B1B-412C-98AD-16DA93E7989A}
	EndGlobalSection
EndGlobal
